// !$*UTF8*$!
{
	archiveVersion = 1;
	classes = {
	};
	objectVersion = 50;
	objects = {

/* Begin PBXBuildFile section */
		524F8BB726B2FF00006EB315 /* AppDelegate.swift in Sources */ = {isa = PBXBuildFile; fileRef = 524F8BB626B2FF00006EB315 /* AppDelegate.swift */; };
		524F8BB926B2FF00006EB315 /* SceneDelegate.swift in Sources */ = {isa = PBXBuildFile; fileRef = 524F8BB826B2FF00006EB315 /* SceneDelegate.swift */; };
		524F8BBB26B2FF00006EB315 /* DownloadsCollectionViewController.swift in Sources */ = {isa = PBXBuildFile; fileRef = 524F8BBA26B2FF00006EB315 /* DownloadsCollectionViewController.swift */; };
		524F8BBE26B2FF00006EB315 /* Main.storyboard in Resources */ = {isa = PBXBuildFile; fileRef = 524F8BBC26B2FF00006EB315 /* Main.storyboard */; };
		524F8BC026B2FF04006EB315 /* Assets.xcassets in Resources */ = {isa = PBXBuildFile; fileRef = 524F8BBF26B2FF04006EB315 /* Assets.xcassets */; };
		524F8BC326B2FF04006EB315 /* LaunchScreen.storyboard in Resources */ = {isa = PBXBuildFile; fileRef = 524F8BC126B2FF04006EB315 /* LaunchScreen.storyboard */; };
		524F8BD226B30328006EB315 /* UIViewController+Ext.swift in Sources */ = {isa = PBXBuildFile; fileRef = 524F8BD126B30328006EB315 /* UIViewController+Ext.swift */; };
		524F8BE126B307F1006EB315 /* DownloadsCollectionCell.swift in Sources */ = {isa = PBXBuildFile; fileRef = 524F8BDF26B307F1006EB315 /* DownloadsCollectionCell.swift */; };
		524F8BEE26B3F169006EB315 /* DownloadsCollectionCell.xib in Resources */ = {isa = PBXBuildFile; fileRef = 524F8BEC26B3F169006EB315 /* DownloadsCollectionCell.xib */; };
		524F8BF326B3F76B006EB315 /* DownloadsViewModel.swift in Sources */ = {isa = PBXBuildFile; fileRef = 524F8BF226B3F76B006EB315 /* DownloadsViewModel.swift */; };
		524F8BFB26B3F80C006EB315 /* SearchViewModel.swift in Sources */ = {isa = PBXBuildFile; fileRef = 524F8BFA26B3F80C006EB315 /* SearchViewModel.swift */; };
		524F8C0026B40C79006EB315 /* GitHubAPIClient.swift in Sources */ = {isa = PBXBuildFile; fileRef = 524F8BFF26B40C79006EB315 /* GitHubAPIClient.swift */; };
		524F8C0326B41994006EB315 /* SearchViewController.swift in Sources */ = {isa = PBXBuildFile; fileRef = 524F8C0226B41994006EB315 /* SearchViewController.swift */; };
		524F8C0626B41EFF006EB315 /* Secrets.swift in Sources */ = {isa = PBXBuildFile; fileRef = 524F8C0526B41EFF006EB315 /* Secrets.swift */; };
		524F8C0B26B435D9006EB315 /* UIView+Ext.swift in Sources */ = {isa = PBXBuildFile; fileRef = 524F8C0A26B435D9006EB315 /* UIView+Ext.swift */; };
		524F8C1126B465D9006EB315 /* RepositoryResponse.swift in Sources */ = {isa = PBXBuildFile; fileRef = 524F8C1026B465D9006EB315 /* RepositoryResponse.swift */; };
		524F8C1C26B46B22006EB315 /* KeychainHelper.swift in Sources */ = {isa = PBXBuildFile; fileRef = 524F8C1B26B46B22006EB315 /* KeychainHelper.swift */; };
		524F8C2C26B55F7E006EB315 /* SearchTableCell.swift in Sources */ = {isa = PBXBuildFile; fileRef = 524F8C2A26B55F7E006EB315 /* SearchTableCell.swift */; };
		524F8C2D26B55F7E006EB315 /* SearchTableCell.xib in Resources */ = {isa = PBXBuildFile; fileRef = 524F8C2B26B55F7E006EB315 /* SearchTableCell.xib */; };
		524F8C3226B56EE6006EB315 /* GitHubUser.swift in Sources */ = {isa = PBXBuildFile; fileRef = 524F8C3126B56EE6006EB315 /* GitHubUser.swift */; };
		524F8C3526B58A95006EB315 /* SelectedRepositoryViewController.swift in Sources */ = {isa = PBXBuildFile; fileRef = 524F8C3426B58A94006EB315 /* SelectedRepositoryViewController.swift */; };
		524F8C3A26B5E9FD006EB315 /* String+Ext.swift in Sources */ = {isa = PBXBuildFile; fileRef = 524F8C3926B5E9FD006EB315 /* String+Ext.swift */; };
		524F8C3E26B5F093006EB315 /* Colors+Ext.swift in Sources */ = {isa = PBXBuildFile; fileRef = 524F8C3D26B5F093006EB315 /* Colors+Ext.swift */; };
		524F8C4326B5F2C0006EB315 /* SelectedRepositoryViewModel.swift in Sources */ = {isa = PBXBuildFile; fileRef = 524F8C4226B5F2C0006EB315 /* SelectedRepositoryViewModel.swift */; };
		524F8C4626B6C70A006EB315 /* DownloadFileService.swift in Sources */ = {isa = PBXBuildFile; fileRef = 524F8C4526B6C709006EB315 /* DownloadFileService.swift */; };
		525BEFA126B825F600FB8C87 /* RepositoriesList.xcdatamodeld in Sources */ = {isa = PBXBuildFile; fileRef = 525BEF9F26B825F600FB8C87 /* RepositoriesList.xcdatamodeld */; };
		525BEFA426B8264E00FB8C87 /* RepositoriesCoreDataManager.swift in Sources */ = {isa = PBXBuildFile; fileRef = 525BEFA326B8264E00FB8C87 /* RepositoriesCoreDataManager.swift */; };
		52F55896235469EC855EAA10 /* Pods_3205Test.framework in Frameworks */ = {isa = PBXBuildFile; fileRef = 9B6970A621E04E6BE847946B /* Pods_3205Test.framework */; };
/* End PBXBuildFile section */

/* Begin PBXFileReference section */
		189C0D4D95BC1FA96AA2CDF5 /* Pods-3205Test.release.xcconfig */ = {isa = PBXFileReference; includeInIndex = 1; lastKnownFileType = text.xcconfig; name = "Pods-3205Test.release.xcconfig"; path = "Target Support Files/Pods-3205Test/Pods-3205Test.release.xcconfig"; sourceTree = "<group>"; };
		524F8BB326B2FF00006EB315 /* 3205Test.app */ = {isa = PBXFileReference; explicitFileType = wrapper.application; includeInIndex = 0; path = 3205Test.app; sourceTree = BUILT_PRODUCTS_DIR; };
		524F8BB626B2FF00006EB315 /* AppDelegate.swift */ = {isa = PBXFileReference; lastKnownFileType = sourcecode.swift; path = AppDelegate.swift; sourceTree = "<group>"; };
		524F8BB826B2FF00006EB315 /* SceneDelegate.swift */ = {isa = PBXFileReference; lastKnownFileType = sourcecode.swift; path = SceneDelegate.swift; sourceTree = "<group>"; };
		524F8BBA26B2FF00006EB315 /* DownloadsCollectionViewController.swift */ = {isa = PBXFileReference; lastKnownFileType = sourcecode.swift; path = DownloadsCollectionViewController.swift; sourceTree = "<group>"; };
		524F8BBD26B2FF00006EB315 /* Base */ = {isa = PBXFileReference; lastKnownFileType = file.storyboard; name = Base; path = Base.lproj/Main.storyboard; sourceTree = "<group>"; };
		524F8BBF26B2FF04006EB315 /* Assets.xcassets */ = {isa = PBXFileReference; lastKnownFileType = folder.assetcatalog; path = Assets.xcassets; sourceTree = "<group>"; };
		524F8BC226B2FF04006EB315 /* Base */ = {isa = PBXFileReference; lastKnownFileType = file.storyboard; name = Base; path = Base.lproj/LaunchScreen.storyboard; sourceTree = "<group>"; };
		524F8BC426B2FF04006EB315 /* Info.plist */ = {isa = PBXFileReference; lastKnownFileType = text.plist.xml; path = Info.plist; sourceTree = "<group>"; };
		524F8BD126B30328006EB315 /* UIViewController+Ext.swift */ = {isa = PBXFileReference; lastKnownFileType = sourcecode.swift; path = "UIViewController+Ext.swift"; sourceTree = "<group>"; };
		524F8BDF26B307F1006EB315 /* DownloadsCollectionCell.swift */ = {isa = PBXFileReference; lastKnownFileType = sourcecode.swift; path = DownloadsCollectionCell.swift; sourceTree = "<group>"; };
		524F8BEC26B3F169006EB315 /* DownloadsCollectionCell.xib */ = {isa = PBXFileReference; lastKnownFileType = file.xib; path = DownloadsCollectionCell.xib; sourceTree = "<group>"; };
		524F8BF226B3F76B006EB315 /* DownloadsViewModel.swift */ = {isa = PBXFileReference; lastKnownFileType = sourcecode.swift; path = DownloadsViewModel.swift; sourceTree = "<group>"; };
		524F8BFA26B3F80C006EB315 /* SearchViewModel.swift */ = {isa = PBXFileReference; lastKnownFileType = sourcecode.swift; path = SearchViewModel.swift; sourceTree = "<group>"; };
		524F8BFF26B40C79006EB315 /* GitHubAPIClient.swift */ = {isa = PBXFileReference; lastKnownFileType = sourcecode.swift; path = GitHubAPIClient.swift; sourceTree = "<group>"; };
		524F8C0226B41994006EB315 /* SearchViewController.swift */ = {isa = PBXFileReference; lastKnownFileType = sourcecode.swift; path = SearchViewController.swift; sourceTree = "<group>"; };
		524F8C0526B41EFF006EB315 /* Secrets.swift */ = {isa = PBXFileReference; lastKnownFileType = sourcecode.swift; path = Secrets.swift; sourceTree = "<group>"; };
		524F8C0A26B435D9006EB315 /* UIView+Ext.swift */ = {isa = PBXFileReference; lastKnownFileType = sourcecode.swift; path = "UIView+Ext.swift"; sourceTree = "<group>"; };
		524F8C1026B465D9006EB315 /* RepositoryResponse.swift */ = {isa = PBXFileReference; lastKnownFileType = sourcecode.swift; path = RepositoryResponse.swift; sourceTree = "<group>"; };
		524F8C1B26B46B22006EB315 /* KeychainHelper.swift */ = {isa = PBXFileReference; lastKnownFileType = sourcecode.swift; path = KeychainHelper.swift; sourceTree = "<group>"; };
		524F8C2A26B55F7E006EB315 /* SearchTableCell.swift */ = {isa = PBXFileReference; lastKnownFileType = sourcecode.swift; path = SearchTableCell.swift; sourceTree = "<group>"; };
		524F8C2B26B55F7E006EB315 /* SearchTableCell.xib */ = {isa = PBXFileReference; lastKnownFileType = file.xib; path = SearchTableCell.xib; sourceTree = "<group>"; };
		524F8C3126B56EE6006EB315 /* GitHubUser.swift */ = {isa = PBXFileReference; lastKnownFileType = sourcecode.swift; path = GitHubUser.swift; sourceTree = "<group>"; };
		524F8C3426B58A94006EB315 /* SelectedRepositoryViewController.swift */ = {isa = PBXFileReference; lastKnownFileType = sourcecode.swift; path = SelectedRepositoryViewController.swift; sourceTree = "<group>"; };
		524F8C3926B5E9FD006EB315 /* String+Ext.swift */ = {isa = PBXFileReference; lastKnownFileType = sourcecode.swift; path = "String+Ext.swift"; sourceTree = "<group>"; };
		524F8C3D26B5F093006EB315 /* Colors+Ext.swift */ = {isa = PBXFileReference; lastKnownFileType = sourcecode.swift; path = "Colors+Ext.swift"; sourceTree = "<group>"; };
		524F8C4226B5F2C0006EB315 /* SelectedRepositoryViewModel.swift */ = {isa = PBXFileReference; lastKnownFileType = sourcecode.swift; path = SelectedRepositoryViewModel.swift; sourceTree = "<group>"; };
		524F8C4526B6C709006EB315 /* DownloadFileService.swift */ = {isa = PBXFileReference; lastKnownFileType = sourcecode.swift; path = DownloadFileService.swift; sourceTree = "<group>"; };
		525BEFA026B825F600FB8C87 /* RepositoriesList.xcdatamodel */ = {isa = PBXFileReference; lastKnownFileType = wrapper.xcdatamodel; path = RepositoriesList.xcdatamodel; sourceTree = "<group>"; };
		525BEFA326B8264E00FB8C87 /* RepositoriesCoreDataManager.swift */ = {isa = PBXFileReference; lastKnownFileType = sourcecode.swift; path = RepositoriesCoreDataManager.swift; sourceTree = "<group>"; };
		9B6970A621E04E6BE847946B /* Pods_3205Test.framework */ = {isa = PBXFileReference; explicitFileType = wrapper.framework; includeInIndex = 0; path = Pods_3205Test.framework; sourceTree = BUILT_PRODUCTS_DIR; };
		F0F0D7B95FB8D410DE8D90E8 /* Pods-3205Test.debug.xcconfig */ = {isa = PBXFileReference; includeInIndex = 1; lastKnownFileType = text.xcconfig; name = "Pods-3205Test.debug.xcconfig"; path = "Target Support Files/Pods-3205Test/Pods-3205Test.debug.xcconfig"; sourceTree = "<group>"; };
/* End PBXFileReference section */

/* Begin PBXFrameworksBuildPhase section */
		524F8BB026B2FF00006EB315 /* Frameworks */ = {
			isa = PBXFrameworksBuildPhase;
			buildActionMask = 2147483647;
			files = (
				52F55896235469EC855EAA10 /* Pods_3205Test.framework in Frameworks */,
			);
			runOnlyForDeploymentPostprocessing = 0;
		};
/* End PBXFrameworksBuildPhase section */

/* Begin PBXGroup section */
		51E21FF1D62D47A82934F629 /* Frameworks */ = {
			isa = PBXGroup;
			children = (
				9B6970A621E04E6BE847946B /* Pods_3205Test.framework */,
			);
			name = Frameworks;
			sourceTree = "<group>";
		};
		524F8BAA26B2FF00006EB315 = {
			isa = PBXGroup;
			children = (
				524F8BB526B2FF00006EB315 /* 3205Test */,
				524F8BB426B2FF00006EB315 /* Products */,
				72263AB3E2009065D8CAB49C /* Pods */,
				51E21FF1D62D47A82934F629 /* Frameworks */,
			);
			sourceTree = "<group>";
		};
		524F8BB426B2FF00006EB315 /* Products */ = {
			isa = PBXGroup;
			children = (
				524F8BB326B2FF00006EB315 /* 3205Test.app */,
			);
			name = Products;
			sourceTree = "<group>";
		};
		524F8BB526B2FF00006EB315 /* 3205Test */ = {
			isa = PBXGroup;
			children = (
				525BEF9F26B825F600FB8C87 /* RepositoriesList.xcdatamodeld */,
				524F8BB626B2FF00006EB315 /* AppDelegate.swift */,
				524F8BB826B2FF00006EB315 /* SceneDelegate.swift */,
				524F8C0826B41F74006EB315 /* Secrets */,
				524F8BDD26B3073B006EB315 /* Extensions */,
				524F8BFE26B40C62006EB315 /* Services */,
				524F8C1326B465E5006EB315 /* Models */,
				524F8BD926B30733006EB315 /* Views */,
				524F8BF526B3F7A6006EB315 /* ViewModels */,
				524F8BDB26B30737006EB315 /* Controllers */,
				524F8BBC26B2FF00006EB315 /* Main.storyboard */,
				524F8BBF26B2FF04006EB315 /* Assets.xcassets */,
				524F8BC126B2FF04006EB315 /* LaunchScreen.storyboard */,
				524F8BC426B2FF04006EB315 /* Info.plist */,
			);
			path = 3205Test;
			sourceTree = "<group>";
		};
		524F8BD926B30733006EB315 /* Views */ = {
			isa = PBXGroup;
			children = (
				524F8C2826B55F66006EB315 /* Downloads */,
				524F8C2A26B55F7E006EB315 /* SearchTableCell.swift */,
				524F8C2B26B55F7E006EB315 /* SearchTableCell.xib */,
			);
			path = Views;
			sourceTree = "<group>";
		};
		524F8BDB26B30737006EB315 /* Controllers */ = {
			isa = PBXGroup;
			children = (
				524F8BBA26B2FF00006EB315 /* DownloadsCollectionViewController.swift */,
				524F8C0226B41994006EB315 /* SearchViewController.swift */,
				524F8C3426B58A94006EB315 /* SelectedRepositoryViewController.swift */,
			);
			path = Controllers;
			sourceTree = "<group>";
		};
		524F8BDD26B3073B006EB315 /* Extensions */ = {
			isa = PBXGroup;
			children = (
				524F8BD126B30328006EB315 /* UIViewController+Ext.swift */,
				524F8C0A26B435D9006EB315 /* UIView+Ext.swift */,
				524F8C3926B5E9FD006EB315 /* String+Ext.swift */,
				524F8C3C26B5F07E006EB315 /* Colors */,
			);
			path = Extensions;
			sourceTree = "<group>";
		};
		524F8BF526B3F7A6006EB315 /* ViewModels */ = {
			isa = PBXGroup;
			children = (
				524F8BF226B3F76B006EB315 /* DownloadsViewModel.swift */,
				524F8BFA26B3F80C006EB315 /* SearchViewModel.swift */,
				524F8C4226B5F2C0006EB315 /* SelectedRepositoryViewModel.swift */,
			);
			path = ViewModels;
			sourceTree = "<group>";
		};
		524F8BFE26B40C62006EB315 /* Services */ = {
			isa = PBXGroup;
			children = (
				524F8BFF26B40C79006EB315 /* GitHubAPIClient.swift */,
				524F8C4526B6C709006EB315 /* DownloadFileService.swift */,
				525BEFA326B8264E00FB8C87 /* RepositoriesCoreDataManager.swift */,
				524F8C1B26B46B22006EB315 /* KeychainHelper.swift */,
			);
			path = Services;
			sourceTree = "<group>";
		};
		524F8C0826B41F74006EB315 /* Secrets */ = {
			isa = PBXGroup;
			children = (
				524F8C0526B41EFF006EB315 /* Secrets.swift */,
			);
			path = Secrets;
			sourceTree = "<group>";
		};
		524F8C1326B465E5006EB315 /* Models */ = {
			isa = PBXGroup;
			children = (
				524F8C1026B465D9006EB315 /* RepositoryResponse.swift */,
				524F8C3126B56EE6006EB315 /* GitHubUser.swift */,
			);
			path = Models;
			sourceTree = "<group>";
		};
		524F8C2826B55F66006EB315 /* Downloads */ = {
			isa = PBXGroup;
			children = (
				524F8BDF26B307F1006EB315 /* DownloadsCollectionCell.swift */,
				524F8BEC26B3F169006EB315 /* DownloadsCollectionCell.xib */,
			);
			path = Downloads;
			sourceTree = "<group>";
		};
		524F8C3C26B5F07E006EB315 /* Colors */ = {
			isa = PBXGroup;
			children = (
				524F8C3D26B5F093006EB315 /* Colors+Ext.swift */,
			);
			path = Colors;
			sourceTree = "<group>";
		};
		72263AB3E2009065D8CAB49C /* Pods */ = {
			isa = PBXGroup;
			children = (
				F0F0D7B95FB8D410DE8D90E8 /* Pods-3205Test.debug.xcconfig */,
				189C0D4D95BC1FA96AA2CDF5 /* Pods-3205Test.release.xcconfig */,
			);
			path = Pods;
			sourceTree = "<group>";
		};
/* End PBXGroup section */

/* Begin PBXNativeTarget section */
		524F8BB226B2FF00006EB315 /* 3205Test */ = {
			isa = PBXNativeTarget;
			buildConfigurationList = 524F8BC726B2FF04006EB315 /* Build configuration list for PBXNativeTarget "3205Test" */;
			buildPhases = (
				CE5B802024C50CE8FE8510E1 /* [CP] Check Pods Manifest.lock */,
				524F8BAF26B2FF00006EB315 /* Sources */,
				524F8BB026B2FF00006EB315 /* Frameworks */,
				524F8BB126B2FF00006EB315 /* Resources */,
			);
			buildRules = (
			);
			dependencies = (
			);
			name = 3205Test;
			productName = 3205Test;
			productReference = 524F8BB326B2FF00006EB315 /* 3205Test.app */;
			productType = "com.apple.product-type.application";
		};
/* End PBXNativeTarget section */

/* Begin PBXProject section */
		524F8BAB26B2FF00006EB315 /* Project object */ = {
			isa = PBXProject;
			attributes = {
				LastSwiftUpdateCheck = 1240;
				LastUpgradeCheck = 1240;
				TargetAttributes = {
					524F8BB226B2FF00006EB315 = {
						CreatedOnToolsVersion = 12.4;
					};
				};
			};
			buildConfigurationList = 524F8BAE26B2FF00006EB315 /* Build configuration list for PBXProject "3205Test" */;
			compatibilityVersion = "Xcode 9.3";
			developmentRegion = en;
			hasScannedForEncodings = 0;
			knownRegions = (
				en,
				Base,
			);
			mainGroup = 524F8BAA26B2FF00006EB315;
			productRefGroup = 524F8BB426B2FF00006EB315 /* Products */;
			projectDirPath = "";
			projectRoot = "";
			targets = (
				524F8BB226B2FF00006EB315 /* 3205Test */,
			);
		};
/* End PBXProject section */

/* Begin PBXResourcesBuildPhase section */
		524F8BB126B2FF00006EB315 /* Resources */ = {
			isa = PBXResourcesBuildPhase;
			buildActionMask = 2147483647;
			files = (
				524F8C2D26B55F7E006EB315 /* SearchTableCell.xib in Resources */,
				524F8BC326B2FF04006EB315 /* LaunchScreen.storyboard in Resources */,
				524F8BC026B2FF04006EB315 /* Assets.xcassets in Resources */,
				524F8BEE26B3F169006EB315 /* DownloadsCollectionCell.xib in Resources */,
				524F8BBE26B2FF00006EB315 /* Main.storyboard in Resources */,
			);
			runOnlyForDeploymentPostprocessing = 0;
		};
/* End PBXResourcesBuildPhase section */

/* Begin PBXShellScriptBuildPhase section */
		CE5B802024C50CE8FE8510E1 /* [CP] Check Pods Manifest.lock */ = {
			isa = PBXShellScriptBuildPhase;
			buildActionMask = 2147483647;
			files = (
			);
			inputFileListPaths = (
			);
			inputPaths = (
				"${PODS_PODFILE_DIR_PATH}/Podfile.lock",
				"${PODS_ROOT}/Manifest.lock",
			);
			name = "[CP] Check Pods Manifest.lock";
			outputFileListPaths = (
			);
			outputPaths = (
				"$(DERIVED_FILE_DIR)/Pods-3205Test-checkManifestLockResult.txt",
			);
			runOnlyForDeploymentPostprocessing = 0;
			shellPath = /bin/sh;
			shellScript = "diff \"${PODS_PODFILE_DIR_PATH}/Podfile.lock\" \"${PODS_ROOT}/Manifest.lock\" > /dev/null\nif [ $? != 0 ] ; then\n    # print error to STDERR\n    echo \"error: The sandbox is not in sync with the Podfile.lock. Run 'pod install' or update your CocoaPods installation.\" >&2\n    exit 1\nfi\n# This output is used by Xcode 'outputs' to avoid re-running this script phase.\necho \"SUCCESS\" > \"${SCRIPT_OUTPUT_FILE_0}\"\n";
			showEnvVarsInLog = 0;
		};
/* End PBXShellScriptBuildPhase section */

/* Begin PBXSourcesBuildPhase section */
		524F8BAF26B2FF00006EB315 /* Sources */ = {
			isa = PBXSourcesBuildPhase;
			buildActionMask = 2147483647;
			files = (
				525BEFA426B8264E00FB8C87 /* RepositoriesCoreDataManager.swift in Sources */,
				524F8BE126B307F1006EB315 /* DownloadsCollectionCell.swift in Sources */,
				524F8BBB26B2FF00006EB315 /* DownloadsCollectionViewController.swift in Sources */,
				524F8C4326B5F2C0006EB315 /* SelectedRepositoryViewModel.swift in Sources */,
				524F8BF326B3F76B006EB315 /* DownloadsViewModel.swift in Sources */,
				524F8C3A26B5E9FD006EB315 /* String+Ext.swift in Sources */,
				524F8C2C26B55F7E006EB315 /* SearchTableCell.swift in Sources */,
				524F8C3E26B5F093006EB315 /* Colors+Ext.swift in Sources */,
				524F8BB726B2FF00006EB315 /* AppDelegate.swift in Sources */,
				525BEFA126B825F600FB8C87 /* RepositoriesList.xcdatamodeld in Sources */,
				524F8BD226B30328006EB315 /* UIViewController+Ext.swift in Sources */,
				524F8BB926B2FF00006EB315 /* SceneDelegate.swift in Sources */,
				524F8C4626B6C70A006EB315 /* DownloadFileService.swift in Sources */,
				524F8C0326B41994006EB315 /* SearchViewController.swift in Sources */,
				524F8C0B26B435D9006EB315 /* UIView+Ext.swift in Sources */,
				524F8C3526B58A95006EB315 /* SelectedRepositoryViewController.swift in Sources */,
				524F8C3226B56EE6006EB315 /* GitHubUser.swift in Sources */,
				524F8C1C26B46B22006EB315 /* KeychainHelper.swift in Sources */,
				524F8BFB26B3F80C006EB315 /* SearchViewModel.swift in Sources */,
				524F8C0026B40C79006EB315 /* GitHubAPIClient.swift in Sources */,
				524F8C1126B465D9006EB315 /* RepositoryResponse.swift in Sources */,
				524F8C0626B41EFF006EB315 /* Secrets.swift in Sources */,
			);
			runOnlyForDeploymentPostprocessing = 0;
		};
/* End PBXSourcesBuildPhase section */

/* Begin PBXVariantGroup section */
		524F8BBC26B2FF00006EB315 /* Main.storyboard */ = {
			isa = PBXVariantGroup;
			children = (
				524F8BBD26B2FF00006EB315 /* Base */,
			);
			name = Main.storyboard;
			sourceTree = "<group>";
		};
		524F8BC126B2FF04006EB315 /* LaunchScreen.storyboard */ = {
			isa = PBXVariantGroup;
			children = (
				524F8BC226B2FF04006EB315 /* Base */,
			);
			name = LaunchScreen.storyboard;
			sourceTree = "<group>";
		};
/* End PBXVariantGroup section */

/* Begin XCBuildConfiguration section */
		524F8BC526B2FF04006EB315 /* Debug */ = {
			isa = XCBuildConfiguration;
			buildSettings = {
				ALWAYS_SEARCH_USER_PATHS = NO;
				CLANG_ANALYZER_NONNULL = YES;
				CLANG_ANALYZER_NUMBER_OBJECT_CONVERSION = YES_AGGRESSIVE;
				CLANG_CXX_LANGUAGE_STANDARD = "gnu++14";
				CLANG_CXX_LIBRARY = "libc++";
				CLANG_ENABLE_MODULES = YES;
				CLANG_ENABLE_OBJC_ARC = YES;
				CLANG_ENABLE_OBJC_WEAK = YES;
				CLANG_WARN_BLOCK_CAPTURE_AUTORELEASING = YES;
				CLANG_WARN_BOOL_CONVERSION = YES;
				CLANG_WARN_COMMA = YES;
				CLANG_WARN_CONSTANT_CONVERSION = YES;
				CLANG_WARN_DEPRECATED_OBJC_IMPLEMENTATIONS = YES;
				CLANG_WARN_DIRECT_OBJC_ISA_USAGE = YES_ERROR;
				CLANG_WARN_DOCUMENTATION_COMMENTS = YES;
				CLANG_WARN_EMPTY_BODY = YES;
				CLANG_WARN_ENUM_CONVERSION = YES;
				CLANG_WARN_INFINITE_RECURSION = YES;
				CLANG_WARN_INT_CONVERSION = YES;
				CLANG_WARN_NON_LITERAL_NULL_CONVERSION = YES;
				CLANG_WARN_OBJC_IMPLICIT_RETAIN_SELF = YES;
				CLANG_WARN_OBJC_LITERAL_CONVERSION = YES;
				CLANG_WARN_OBJC_ROOT_CLASS = YES_ERROR;
				CLANG_WARN_QUOTED_INCLUDE_IN_FRAMEWORK_HEADER = YES;
				CLANG_WARN_RANGE_LOOP_ANALYSIS = YES;
				CLANG_WARN_STRICT_PROTOTYPES = YES;
				CLANG_WARN_SUSPICIOUS_MOVE = YES;
				CLANG_WARN_UNGUARDED_AVAILABILITY = YES_AGGRESSIVE;
				CLANG_WARN_UNREACHABLE_CODE = YES;
				CLANG_WARN__DUPLICATE_METHOD_MATCH = YES;
				COPY_PHASE_STRIP = NO;
				DEBUG_INFORMATION_FORMAT = dwarf;
				ENABLE_STRICT_OBJC_MSGSEND = YES;
				ENABLE_TESTABILITY = YES;
				GCC_C_LANGUAGE_STANDARD = gnu11;
				GCC_DYNAMIC_NO_PIC = NO;
				GCC_NO_COMMON_BLOCKS = YES;
				GCC_OPTIMIZATION_LEVEL = 0;
				GCC_PREPROCESSOR_DEFINITIONS = (
					"DEBUG=1",
					"$(inherited)",
				);
				GCC_WARN_64_TO_32_BIT_CONVERSION = YES;
				GCC_WARN_ABOUT_RETURN_TYPE = YES_ERROR;
				GCC_WARN_UNDECLARED_SELECTOR = YES;
				GCC_WARN_UNINITIALIZED_AUTOS = YES_AGGRESSIVE;
				GCC_WARN_UNUSED_FUNCTION = YES;
				GCC_WARN_UNUSED_VARIABLE = YES;
				IPHONEOS_DEPLOYMENT_TARGET = 14.4;
				MTL_ENABLE_DEBUG_INFO = INCLUDE_SOURCE;
				MTL_FAST_MATH = YES;
				ONLY_ACTIVE_ARCH = YES;
				SDKROOT = iphoneos;
				SWIFT_ACTIVE_COMPILATION_CONDITIONS = DEBUG;
				SWIFT_OPTIMIZATION_LEVEL = "-Onone";
			};
			name = Debug;
		};
		524F8BC626B2FF04006EB315 /* Release */ = {
			isa = XCBuildConfiguration;
			buildSettings = {
				ALWAYS_SEARCH_USER_PATHS = NO;
				CLANG_ANALYZER_NONNULL = YES;
				CLANG_ANALYZER_NUMBER_OBJECT_CONVERSION = YES_AGGRESSIVE;
				CLANG_CXX_LANGUAGE_STANDARD = "gnu++14";
				CLANG_CXX_LIBRARY = "libc++";
				CLANG_ENABLE_MODULES = YES;
				CLANG_ENABLE_OBJC_ARC = YES;
				CLANG_ENABLE_OBJC_WEAK = YES;
				CLANG_WARN_BLOCK_CAPTURE_AUTORELEASING = YES;
				CLANG_WARN_BOOL_CONVERSION = YES;
				CLANG_WARN_COMMA = YES;
				CLANG_WARN_CONSTANT_CONVERSION = YES;
				CLANG_WARN_DEPRECATED_OBJC_IMPLEMENTATIONS = YES;
				CLANG_WARN_DIRECT_OBJC_ISA_USAGE = YES_ERROR;
				CLANG_WARN_DOCUMENTATION_COMMENTS = YES;
				CLANG_WARN_EMPTY_BODY = YES;
				CLANG_WARN_ENUM_CONVERSION = YES;
				CLANG_WARN_INFINITE_RECURSION = YES;
				CLANG_WARN_INT_CONVERSION = YES;
				CLANG_WARN_NON_LITERAL_NULL_CONVERSION = YES;
				CLANG_WARN_OBJC_IMPLICIT_RETAIN_SELF = YES;
				CLANG_WARN_OBJC_LITERAL_CONVERSION = YES;
				CLANG_WARN_OBJC_ROOT_CLASS = YES_ERROR;
				CLANG_WARN_QUOTED_INCLUDE_IN_FRAMEWORK_HEADER = YES;
				CLANG_WARN_RANGE_LOOP_ANALYSIS = YES;
				CLANG_WARN_STRICT_PROTOTYPES = YES;
				CLANG_WARN_SUSPICIOUS_MOVE = YES;
				CLANG_WARN_UNGUARDED_AVAILABILITY = YES_AGGRESSIVE;
				CLANG_WARN_UNREACHABLE_CODE = YES;
				CLANG_WARN__DUPLICATE_METHOD_MATCH = YES;
				COPY_PHASE_STRIP = NO;
				DEBUG_INFORMATION_FORMAT = "dwarf-with-dsym";
				ENABLE_NS_ASSERTIONS = NO;
				ENABLE_STRICT_OBJC_MSGSEND = YES;
				GCC_C_LANGUAGE_STANDARD = gnu11;
				GCC_NO_COMMON_BLOCKS = YES;
				GCC_WARN_64_TO_32_BIT_CONVERSION = YES;
				GCC_WARN_ABOUT_RETURN_TYPE = YES_ERROR;
				GCC_WARN_UNDECLARED_SELECTOR = YES;
				GCC_WARN_UNINITIALIZED_AUTOS = YES_AGGRESSIVE;
				GCC_WARN_UNUSED_FUNCTION = YES;
				GCC_WARN_UNUSED_VARIABLE = YES;
				IPHONEOS_DEPLOYMENT_TARGET = 14.4;
				MTL_ENABLE_DEBUG_INFO = NO;
				MTL_FAST_MATH = YES;
				SDKROOT = iphoneos;
				SWIFT_COMPILATION_MODE = wholemodule;
				SWIFT_OPTIMIZATION_LEVEL = "-O";
				VALIDATE_PRODUCT = YES;
			};
			name = Release;
		};
		524F8BC826B2FF04006EB315 /* Debug */ = {
			isa = XCBuildConfiguration;
			baseConfigurationReference = F0F0D7B95FB8D410DE8D90E8 /* Pods-3205Test.debug.xcconfig */;
			buildSettings = {
				ASSETCATALOG_COMPILER_APPICON_NAME = AppIcon;
				ASSETCATALOG_COMPILER_GLOBAL_ACCENT_COLOR_NAME = AccentColor;
				CODE_SIGN_STYLE = Automatic;
				DEVELOPMENT_TEAM = RWU4M8Y9HU;
				INFOPLIST_FILE = 3205Test/Info.plist;
				IPHONEOS_DEPLOYMENT_TARGET = 10.0;
				LD_RUNPATH_SEARCH_PATHS = (
					"$(inherited)",
					"@executable_path/Frameworks",
				);
				PRODUCT_BUNDLE_IDENTIFIER = "Kostatyyy.-205Test";
				PRODUCT_NAME = "$(TARGET_NAME)";
				SWIFT_VERSION = 5.0;
				TARGETED_DEVICE_FAMILY = "1,2";
			};
			name = Debug;
		};
		524F8BC926B2FF04006EB315 /* Release */ = {
			isa = XCBuildConfiguration;
			baseConfigurationReference = 189C0D4D95BC1FA96AA2CDF5 /* Pods-3205Test.release.xcconfig */;
			buildSettings = {
				ASSETCATALOG_COMPILER_APPICON_NAME = AppIcon;
				ASSETCATALOG_COMPILER_GLOBAL_ACCENT_COLOR_NAME = AccentColor;
				CODE_SIGN_STYLE = Automatic;
				DEVELOPMENT_TEAM = RWU4M8Y9HU;
				INFOPLIST_FILE = 3205Test/Info.plist;
				IPHONEOS_DEPLOYMENT_TARGET = 10.0;
				LD_RUNPATH_SEARCH_PATHS = (
					"$(inherited)",
					"@executable_path/Frameworks",
				);
				PRODUCT_BUNDLE_IDENTIFIER = "Kostatyyy.-205Test";
				PRODUCT_NAME = "$(TARGET_NAME)";
				SWIFT_VERSION = 5.0;
				TARGETED_DEVICE_FAMILY = "1,2";
			};
			name = Release;
		};
/* End XCBuildConfiguration section */

/* Begin XCConfigurationList section */
		524F8BAE26B2FF00006EB315 /* Build configuration list for PBXProject "3205Test" */ = {
			isa = XCConfigurationList;
			buildConfigurations = (
				524F8BC526B2FF04006EB315 /* Debug */,
				524F8BC626B2FF04006EB315 /* Release */,
			);
			defaultConfigurationIsVisible = 0;
			defaultConfigurationName = Release;
		};
		524F8BC726B2FF04006EB315 /* Build configuration list for PBXNativeTarget "3205Test" */ = {
			isa = XCConfigurationList;
			buildConfigurations = (
				524F8BC826B2FF04006EB315 /* Debug */,
				524F8BC926B2FF04006EB315 /* Release */,
			);
			defaultConfigurationIsVisible = 0;
			defaultConfigurationName = Release;
		};
/* End XCConfigurationList section */

/* Begin XCVersionGroup section */
		525BEF9F26B825F600FB8C87 /* RepositoriesList.xcdatamodeld */ = {
			isa = XCVersionGroup;
			children = (
				525BEFA026B825F600FB8C87 /* RepositoriesList.xcdatamodel */,
			);
			currentVersion = 525BEFA026B825F600FB8C87 /* RepositoriesList.xcdatamodel */;
			path = RepositoriesList.xcdatamodeld;
			sourceTree = "<group>";
			versionGroupType = wrapper.xcdatamodel;
		};
/* End XCVersionGroup section */
	};
	rootObject = 524F8BAB26B2FF00006EB315 /* Project object */;
}
